
Microsoft Visual Studio Solution File, Format Version 12.00
# Visual Studio Version 16
VisualStudioVersion = 16.0.29609.76
MinimumVisualStudioVersion = 10.0.40219.1
Project("{FAE04EC0-301F-11D3-BF4B-00C04F79EFBC}") = "GraphLayoutDemo", "GraphLayoutDemo\GraphLayoutDemo.csproj", "{B037741C-3187-4284-8F79-FF436C9A8591}"
EndProject
Global
	GlobalSection(SolutionConfigurationPlatforms) = preSolution
		Debug|Any CPU = Debug|Any CPU
		Release|Any CPU = Release|Any CPU
	EndGlobalSection
	GlobalSection(ProjectConfigurationPlatforms) = postSolution
		{B037741C-3187-4284-8F79-FF436C9A8591}.Debug|Any CPU.ActiveCfg = Debug|Any CPU
		{B037741C-3187-4284-8F79-FF436C9A8591}.Debug|Any CPU.Build.0 = Debug|Any CPU
		{B037741C-3187-4284-8F79-FF436C9A8591}.Release|Any CPU.ActiveCfg = Release|Any CPU
		{B037741C-3187-4284-8F79-FF436C9A8591}.Release|Any CPU.Build.0 = Release|Any CPU
	EndGlobalSection
	GlobalSection(SolutionProperties) = preSolution
		HideSolutionNode = FALSE
	EndGlobalSection
	GlobalSection(ExtensibilityGlobals) = postSolution
		SolutionGuid = {9AA62A32-7BD3-4BD2-9A6E-2F106CBA772A}
	EndGlobalSection
EndGlobal
